
Microsoft Visual Studio Solution File, Format Version 12.00
# Visual Studio 15
VisualStudioVersion = 15.0.28307.902
MinimumVisualStudioVersion = 10.0.40219.1
Project("{FAE04EC0-301F-11D3-BF4B-00C04F79EFBC}") = "Stripe_Payment_Testing_Application", "Stripe_Payment_Testing_Application\Stripe_Payment_Testing_Application.csproj", "{60FBC085-900D-437F-812F-9ECA2F5CD230}"
EndProject
Global
	GlobalSection(SolutionConfigurationPlatforms) = preSolution
		Debug|Any CPU = Debug|Any CPU
		Release|Any CPU = Release|Any CPU
	EndGlobalSection
	GlobalSection(ProjectConfigurationPlatforms) = postSolution
		{60FBC085-900D-437F-812F-9ECA2F5CD230}.Debug|Any CPU.ActiveCfg = Debug|Any CPU
		{60FBC085-900D-437F-812F-9ECA2F5CD230}.Debug|Any CPU.Build.0 = Debug|Any CPU
		{60FBC085-900D-437F-812F-9ECA2F5CD230}.Release|Any CPU.ActiveCfg = Release|Any CPU
		{60FBC085-900D-437F-812F-9ECA2F5CD230}.Release|Any CPU.Build.0 = Release|Any CPU
	EndGlobalSection
	GlobalSection(SolutionProperties) = preSolution
		HideSolutionNode = FALSE
	EndGlobalSection
	GlobalSection(ExtensibilityGlobals) = postSolution
		SolutionGuid = {4250586D-4B73-45E7-9C35-A381E57C07F8}
	EndGlobalSection
EndGlobal
